# Code generated by scarb DO NOT EDIT.
version = 1

[[package]]
name = "openzeppelin"
version = "0.8.1"
source = "git+https://github.com/OpenZeppelin/cairo-contracts.git?tag=v0.8.1#5c7a022f333dca721fe490c2191a811fa2566a89"

[[package]]
name = "piltover"
version = "0.1.0"
dependencies = [
 "openzeppelin",
 "snforge_std",
]

[[package]]
name = "snforge_std"
version = "0.16.0"
source = "git+https://github.com/foundry-rs/starknet-foundry?tag=v0.16.0#f58e0ab42b6095b7d0cb841ede595aecbc9cb45d"
